
Microsoft Visual Studio Solution File, Format Version 12.00
# Visual Studio Version 17
VisualStudioVersion = 17.12.35527.113
MinimumVisualStudioVersion = 10.0.40219.1
Project("{2150E333-8FDC-42A3-9474-1A3956D46DE8}") = "CSharpUI", "CSharpUI", "{EDE219AF-987B-4761-923F-43F7C8C2AB59}"
EndProject
Project("{FAE04EC0-301F-11D3-BF4B-00C04F79EFBC}") = "CSharpUI", "CSharpUI\CSharpUI.csproj", "{EECB29FF-9237-49DE-89B0-63B7C07C65C4}"
EndProject
Project("{2150E333-8FDC-42A3-9474-1A3956D46DE8}") = "Platforms", "Platforms", "{5EE1A6D3-A4B3-43F4-AD21-3FED87EEDC8A}"
EndProject
Project("{2150E333-8FDC-42A3-9474-1A3956D46DE8}") = "Windows", "Windows", "{0A45DA6D-3D88-4ADE-90F9-59653BDC8DCD}"
EndProject
Project("{FAE04EC0-301F-11D3-BF4B-00C04F79EFBC}") = "CSharpUI.WPF", "Platforms\Windows\CSharpUI.WPF\CSharpUI.WPF.csproj", "{36862C36-A71B-4AC5-802D-9BC64CB56896}"
EndProject
Project("{2150E333-8FDC-42A3-9474-1A3956D46DE8}") = "Android", "Android", "{0950DAD8-B021-437C-AE9B-8705B78E4275}"
EndProject
Project("{2150E333-8FDC-42A3-9474-1A3956D46DE8}") = "iOS", "iOS", "{9529C779-AB55-4EFD-91F9-4E5EE489F345}"
EndProject
Project("{2150E333-8FDC-42A3-9474-1A3956D46DE8}") = "MacOS", "MacOS", "{7EF2DA6F-4403-403B-A886-5D498AB5CE17}"
EndProject
Project("{2150E333-8FDC-42A3-9474-1A3956D46DE8}") = "Linux", "Linux", "{F33095A9-F0CF-4B8C-ABB4-880D407322AF}"
EndProject
Project("{FAE04EC0-301F-11D3-BF4B-00C04F79EFBC}") = "CSharpUI.Linux", "Platforms\Linux\CSharpUI.Linux\CSharpUI.Linux.csproj", "{A6CBECC2-1D9E-4B95-B1CF-D9068A317695}"
EndProject
Project("{FAE04EC0-301F-11D3-BF4B-00C04F79EFBC}") = "CSharpUI.Android", "Platforms\Android\CSharpUI.Android\CSharpUI.Android.csproj", "{D1853A6E-F66C-4372-8889-4090D90E6493}"
EndProject
Project("{FAE04EC0-301F-11D3-BF4B-00C04F79EFBC}") = "CSharpUI.iOS", "Platforms\iOS\CSharpUI.iOS\CSharpUI.iOS.csproj", "{DB5D4CE1-0110-4D7A-8DDE-18997357FB43}"
EndProject
Project("{FAE04EC0-301F-11D3-BF4B-00C04F79EFBC}") = "CSharpUI.MacOS", "Platforms\MacOS\CSharpUI.MacOS\CSharpUI.MacOS.csproj", "{B622A8E6-FACB-4DC1-8A14-5AC983019E5E}"
EndProject
Global
	GlobalSection(SolutionConfigurationPlatforms) = preSolution
		Debug|Any CPU = Debug|Any CPU
		Release|Any CPU = Release|Any CPU
	EndGlobalSection
	GlobalSection(ProjectConfigurationPlatforms) = postSolution
		{EECB29FF-9237-49DE-89B0-63B7C07C65C4}.Debug|Any CPU.ActiveCfg = Debug|Any CPU
		{EECB29FF-9237-49DE-89B0-63B7C07C65C4}.Debug|Any CPU.Build.0 = Debug|Any CPU
		{EECB29FF-9237-49DE-89B0-63B7C07C65C4}.Release|Any CPU.ActiveCfg = Release|Any CPU
		{EECB29FF-9237-49DE-89B0-63B7C07C65C4}.Release|Any CPU.Build.0 = Release|Any CPU
		{36862C36-A71B-4AC5-802D-9BC64CB56896}.Debug|Any CPU.ActiveCfg = Debug|Any CPU
		{36862C36-A71B-4AC5-802D-9BC64CB56896}.Debug|Any CPU.Build.0 = Debug|Any CPU
		{36862C36-A71B-4AC5-802D-9BC64CB56896}.Release|Any CPU.ActiveCfg = Release|Any CPU
		{36862C36-A71B-4AC5-802D-9BC64CB56896}.Release|Any CPU.Build.0 = Release|Any CPU
		{A6CBECC2-1D9E-4B95-B1CF-D9068A317695}.Debug|Any CPU.ActiveCfg = Debug|Any CPU
		{A6CBECC2-1D9E-4B95-B1CF-D9068A317695}.Debug|Any CPU.Build.0 = Debug|Any CPU
		{A6CBECC2-1D9E-4B95-B1CF-D9068A317695}.Release|Any CPU.ActiveCfg = Release|Any CPU
		{A6CBECC2-1D9E-4B95-B1CF-D9068A317695}.Release|Any CPU.Build.0 = Release|Any CPU
		{D1853A6E-F66C-4372-8889-4090D90E6493}.Debug|Any CPU.ActiveCfg = Debug|Any CPU
		{D1853A6E-F66C-4372-8889-4090D90E6493}.Debug|Any CPU.Build.0 = Debug|Any CPU
		{D1853A6E-F66C-4372-8889-4090D90E6493}.Debug|Any CPU.Deploy.0 = Debug|Any CPU
		{D1853A6E-F66C-4372-8889-4090D90E6493}.Release|Any CPU.ActiveCfg = Release|Any CPU
		{D1853A6E-F66C-4372-8889-4090D90E6493}.Release|Any CPU.Build.0 = Release|Any CPU
		{D1853A6E-F66C-4372-8889-4090D90E6493}.Release|Any CPU.Deploy.0 = Release|Any CPU
		{DB5D4CE1-0110-4D7A-8DDE-18997357FB43}.Debug|Any CPU.ActiveCfg = Debug|iPhoneSimulator
		{DB5D4CE1-0110-4D7A-8DDE-18997357FB43}.Debug|Any CPU.Build.0 = Debug|iPhoneSimulator
		{DB5D4CE1-0110-4D7A-8DDE-18997357FB43}.Release|Any CPU.ActiveCfg = Release|iPhoneSimulator
		{DB5D4CE1-0110-4D7A-8DDE-18997357FB43}.Release|Any CPU.Build.0 = Release|iPhoneSimulator
		{B622A8E6-FACB-4DC1-8A14-5AC983019E5E}.Debug|Any CPU.ActiveCfg = Debug|Any CPU
		{B622A8E6-FACB-4DC1-8A14-5AC983019E5E}.Debug|Any CPU.Build.0 = Debug|Any CPU
		{B622A8E6-FACB-4DC1-8A14-5AC983019E5E}.Release|Any CPU.ActiveCfg = Release|Any CPU
		{B622A8E6-FACB-4DC1-8A14-5AC983019E5E}.Release|Any CPU.Build.0 = Release|Any CPU
	EndGlobalSection
	GlobalSection(SolutionProperties) = preSolution
		HideSolutionNode = FALSE
	EndGlobalSection
	GlobalSection(NestedProjects) = preSolution
		{EECB29FF-9237-49DE-89B0-63B7C07C65C4} = {EDE219AF-987B-4761-923F-43F7C8C2AB59}
		{0A45DA6D-3D88-4ADE-90F9-59653BDC8DCD} = {5EE1A6D3-A4B3-43F4-AD21-3FED87EEDC8A}
		{36862C36-A71B-4AC5-802D-9BC64CB56896} = {0A45DA6D-3D88-4ADE-90F9-59653BDC8DCD}
		{0950DAD8-B021-437C-AE9B-8705B78E4275} = {5EE1A6D3-A4B3-43F4-AD21-3FED87EEDC8A}
		{9529C779-AB55-4EFD-91F9-4E5EE489F345} = {5EE1A6D3-A4B3-43F4-AD21-3FED87EEDC8A}
		{7EF2DA6F-4403-403B-A886-5D498AB5CE17} = {5EE1A6D3-A4B3-43F4-AD21-3FED87EEDC8A}
		{F33095A9-F0CF-4B8C-ABB4-880D407322AF} = {5EE1A6D3-A4B3-43F4-AD21-3FED87EEDC8A}
		{A6CBECC2-1D9E-4B95-B1CF-D9068A317695} = {F33095A9-F0CF-4B8C-ABB4-880D407322AF}
		{D1853A6E-F66C-4372-8889-4090D90E6493} = {0950DAD8-B021-437C-AE9B-8705B78E4275}
		{DB5D4CE1-0110-4D7A-8DDE-18997357FB43} = {9529C779-AB55-4EFD-91F9-4E5EE489F345}
		{B622A8E6-FACB-4DC1-8A14-5AC983019E5E} = {7EF2DA6F-4403-403B-A886-5D498AB5CE17}
	EndGlobalSection
EndGlobal
