
Microsoft Visual Studio Solution File, Format Version 12.00
# Visual Studio Version 17
VisualStudioVersion = 17.12.35527.113
MinimumVisualStudioVersion = 10.0.40219.1
Project("{2150E333-8FDC-42A3-9474-1A3956D46DE8}") = "CSharpUI", "CSharpUI", "{EDE219AF-987B-4761-923F-43F7C8C2AB59}"
EndProject
Project("{FAE04EC0-301F-11D3-BF4B-00C04F79EFBC}") = "CSharpUI", "CSharpUI\CSharpUI.csproj", "{EECB29FF-9237-49DE-89B0-63B7C07C65C4}"
EndProject
Project("{2150E333-8FDC-42A3-9474-1A3956D46DE8}") = "Platforms", "Platforms", "{5EE1A6D3-A4B3-43F4-AD21-3FED87EEDC8A}"
EndProject
Project("{2150E333-8FDC-42A3-9474-1A3956D46DE8}") = "Windows", "Windows", "{0A45DA6D-3D88-4ADE-90F9-59653BDC8DCD}"
EndProject
Project("{FAE04EC0-301F-11D3-BF4B-00C04F79EFBC}") = "CSharpUI.WPF", "Platforms\Windows\CSharpUI.WPF\CSharpUI.WPF.csproj", "{36862C36-A71B-4AC5-802D-9BC64CB56896}"
EndProject
Project("{2150E333-8FDC-42A3-9474-1A3956D46DE8}") = "Android", "Android", "{0950DAD8-B021-437C-AE9B-8705B78E4275}"
EndProject
Project("{2150E333-8FDC-42A3-9474-1A3956D46DE8}") = "iOS", "iOS", "{9529C779-AB55-4EFD-91F9-4E5EE489F345}"
EndProject
Project("{2150E333-8FDC-42A3-9474-1A3956D46DE8}") = "MacOS", "MacOS", "{7EF2DA6F-4403-403B-A886-5D498AB5CE17}"
EndProject
Project("{2150E333-8FDC-42A3-9474-1A3956D46DE8}") = "Linux", "Linux", "{F33095A9-F0CF-4B8C-ABB4-880D407322AF}"
EndProject
Project("{FAE04EC0-301F-11D3-BF4B-00C04F79EFBC}") = "CSharpUI.iOS", "Platforms\iOS\CSharpUI.iOS\CSharpUI.iOS.csproj", "{DB5D4CE1-0110-4D7A-8DDE-18997357FB43}"
EndProject
Project("{FAE04EC0-301F-11D3-BF4B-00C04F79EFBC}") = "AndroidApp", "Platforms\Android\CSharpUI.Android\AndroidApp\AndroidApp.csproj", "{2254C18E-8D76-4E4E-994F-0A4EF974C52B}"
EndProject
Project("{2150E333-8FDC-42A3-9474-1A3956D46DE8}") = "Web", "Web", "{EC1B962A-5E97-405B-B888-19A235D3D13C}"
EndProject
Project("{FAE04EC0-301F-11D3-BF4B-00C04F79EFBC}") = "BlazorApp", "Platforms\Web\BlazorApp\BlazorApp.csproj", "{8A61613E-336B-4B1A-B6CE-A60C2AB11974}"
EndProject
Project("{888888A0-9F3D-457C-B088-3A5042F75D52}") = "CSharpUI.LinuxApp", "Platforms\Linux\CSharpUI.LinuxApp\CSharpUI.LinuxApp.pyproj", "{93E78D57-ACF4-4DDF-BB17-F0543DC0AC21}"
EndProject
Project("{888888A0-9F3D-457C-B088-3A5042F75D52}") = "CSharpUI.MacOS", "Platforms\MacOS\CSharpUI.MacOS\CSharpUI.MacOS.pyproj", "{5D0A0F32-F9B7-450F-A4E8-32B205F2F126}"
EndProject
Global
	GlobalSection(SolutionConfigurationPlatforms) = preSolution
		Debug|Any CPU = Debug|Any CPU
		Release|Any CPU = Release|Any CPU
	EndGlobalSection
	GlobalSection(ProjectConfigurationPlatforms) = postSolution
		{EECB29FF-9237-49DE-89B0-63B7C07C65C4}.Debug|Any CPU.ActiveCfg = Debug|Any CPU
		{EECB29FF-9237-49DE-89B0-63B7C07C65C4}.Debug|Any CPU.Build.0 = Debug|Any CPU
		{EECB29FF-9237-49DE-89B0-63B7C07C65C4}.Release|Any CPU.ActiveCfg = Release|Any CPU
		{EECB29FF-9237-49DE-89B0-63B7C07C65C4}.Release|Any CPU.Build.0 = Release|Any CPU
		{36862C36-A71B-4AC5-802D-9BC64CB56896}.Debug|Any CPU.ActiveCfg = Debug|Any CPU
		{36862C36-A71B-4AC5-802D-9BC64CB56896}.Debug|Any CPU.Build.0 = Debug|Any CPU
		{36862C36-A71B-4AC5-802D-9BC64CB56896}.Release|Any CPU.ActiveCfg = Release|Any CPU
		{36862C36-A71B-4AC5-802D-9BC64CB56896}.Release|Any CPU.Build.0 = Release|Any CPU
		{DB5D4CE1-0110-4D7A-8DDE-18997357FB43}.Debug|Any CPU.ActiveCfg = Debug|iPhoneSimulator
		{DB5D4CE1-0110-4D7A-8DDE-18997357FB43}.Debug|Any CPU.Build.0 = Debug|iPhoneSimulator
		{DB5D4CE1-0110-4D7A-8DDE-18997357FB43}.Release|Any CPU.ActiveCfg = Release|iPhoneSimulator
		{DB5D4CE1-0110-4D7A-8DDE-18997357FB43}.Release|Any CPU.Build.0 = Release|iPhoneSimulator
		{2254C18E-8D76-4E4E-994F-0A4EF974C52B}.Debug|Any CPU.ActiveCfg = Debug|Any CPU
		{2254C18E-8D76-4E4E-994F-0A4EF974C52B}.Debug|Any CPU.Build.0 = Debug|Any CPU
		{2254C18E-8D76-4E4E-994F-0A4EF974C52B}.Debug|Any CPU.Deploy.0 = Debug|Any CPU
		{2254C18E-8D76-4E4E-994F-0A4EF974C52B}.Release|Any CPU.ActiveCfg = Release|Any CPU
		{2254C18E-8D76-4E4E-994F-0A4EF974C52B}.Release|Any CPU.Build.0 = Release|Any CPU
		{2254C18E-8D76-4E4E-994F-0A4EF974C52B}.Release|Any CPU.Deploy.0 = Release|Any CPU
		{8A61613E-336B-4B1A-B6CE-A60C2AB11974}.Debug|Any CPU.ActiveCfg = Debug|Any CPU
		{8A61613E-336B-4B1A-B6CE-A60C2AB11974}.Debug|Any CPU.Build.0 = Debug|Any CPU
		{8A61613E-336B-4B1A-B6CE-A60C2AB11974}.Release|Any CPU.ActiveCfg = Release|Any CPU
		{8A61613E-336B-4B1A-B6CE-A60C2AB11974}.Release|Any CPU.Build.0 = Release|Any CPU
		{93E78D57-ACF4-4DDF-BB17-F0543DC0AC21}.Debug|Any CPU.ActiveCfg = Debug|Any CPU
		{93E78D57-ACF4-4DDF-BB17-F0543DC0AC21}.Release|Any CPU.ActiveCfg = Release|Any CPU
		{5D0A0F32-F9B7-450F-A4E8-32B205F2F126}.Debug|Any CPU.ActiveCfg = Debug|Any CPU
		{5D0A0F32-F9B7-450F-A4E8-32B205F2F126}.Release|Any CPU.ActiveCfg = Release|Any CPU
	EndGlobalSection
	GlobalSection(SolutionProperties) = preSolution
		HideSolutionNode = FALSE
	EndGlobalSection
	GlobalSection(NestedProjects) = preSolution
		{EECB29FF-9237-49DE-89B0-63B7C07C65C4} = {EDE219AF-987B-4761-923F-43F7C8C2AB59}
		{0A45DA6D-3D88-4ADE-90F9-59653BDC8DCD} = {5EE1A6D3-A4B3-43F4-AD21-3FED87EEDC8A}
		{36862C36-A71B-4AC5-802D-9BC64CB56896} = {0A45DA6D-3D88-4ADE-90F9-59653BDC8DCD}
		{0950DAD8-B021-437C-AE9B-8705B78E4275} = {5EE1A6D3-A4B3-43F4-AD21-3FED87EEDC8A}
		{9529C779-AB55-4EFD-91F9-4E5EE489F345} = {5EE1A6D3-A4B3-43F4-AD21-3FED87EEDC8A}
		{7EF2DA6F-4403-403B-A886-5D498AB5CE17} = {5EE1A6D3-A4B3-43F4-AD21-3FED87EEDC8A}
		{F33095A9-F0CF-4B8C-ABB4-880D407322AF} = {5EE1A6D3-A4B3-43F4-AD21-3FED87EEDC8A}
		{DB5D4CE1-0110-4D7A-8DDE-18997357FB43} = {9529C779-AB55-4EFD-91F9-4E5EE489F345}
		{2254C18E-8D76-4E4E-994F-0A4EF974C52B} = {0950DAD8-B021-437C-AE9B-8705B78E4275}
		{EC1B962A-5E97-405B-B888-19A235D3D13C} = {5EE1A6D3-A4B3-43F4-AD21-3FED87EEDC8A}
		{8A61613E-336B-4B1A-B6CE-A60C2AB11974} = {EC1B962A-5E97-405B-B888-19A235D3D13C}
		{93E78D57-ACF4-4DDF-BB17-F0543DC0AC21} = {F33095A9-F0CF-4B8C-ABB4-880D407322AF}
		{5D0A0F32-F9B7-450F-A4E8-32B205F2F126} = {7EF2DA6F-4403-403B-A886-5D498AB5CE17}
	EndGlobalSection
EndGlobal
